
Microsoft Visual Studio Solution File, Format Version 12.00
# Visual Studio Version 16
VisualStudioVersion = 16.0.30011.22
MinimumVisualStudioVersion = 10.0.40219.1
Project("{FAE04EC0-301F-11D3-BF4B-00C04F79EFBC}") = "Lab7", "Lab7.csproj", "{4FCE3BC8-06FA-47AD-897B-11B6FECE15EB}"
EndProject
Global
	GlobalSection(SolutionConfigurationPlatforms) = preSolution
		Debug|Any CPU = Debug|Any CPU
		Release|Any CPU = Release|Any CPU
	EndGlobalSection
	GlobalSection(ProjectConfigurationPlatforms) = postSolution
		{4FCE3BC8-06FA-47AD-897B-11B6FECE15EB}.Debug|Any CPU.ActiveCfg = Debug|Any CPU
		{4FCE3BC8-06FA-47AD-897B-11B6FECE15EB}.Debug|Any CPU.Build.0 = Debug|Any CPU
		{4FCE3BC8-06FA-47AD-897B-11B6FECE15EB}.Release|Any CPU.ActiveCfg = Release|Any CPU
		{4FCE3BC8-06FA-47AD-897B-11B6FECE15EB}.Release|Any CPU.Build.0 = Release|Any CPU
	EndGlobalSection
	GlobalSection(SolutionProperties) = preSolution
		HideSolutionNode = FALSE
	EndGlobalSection
	GlobalSection(ExtensibilityGlobals) = postSolution
		SolutionGuid = {F0176E98-EECF-4874-9182-AB2EEED30702}
	EndGlobalSection
EndGlobal
